// !$*UTF8*$!
{
	archiveVersion = 1;
	classes = {
	};
	objectVersion = 50;
	objects = {

/* Begin PBXBuildFile section */
		4B11626D21F01C970012C977 /* RealtimeAnalyzer.swift in Sources */ = {isa = PBXBuildFile; fileRef = 4B11626C21F01C970012C977 /* RealtimeAnalyzer.swift */; };
		4B582AE2221E8E4D00AD0AE0 /* TrackCell.swift in Sources */ = {isa = PBXBuildFile; fileRef = 4B582AE1221E8E4D00AD0AE0 /* TrackCell.swift */; };
		4B79C0D021F816D70005E365 /* SpectrumView.swift in Sources */ = {isa = PBXBuildFile; fileRef = 4B79C0CF21F816D70005E365 /* SpectrumView.swift */; };
		4B87BCE321D515F600732679 /* AppDelegate.swift in Sources */ = {isa = PBXBuildFile; fileRef = 4B87BCE221D515F600732679 /* AppDelegate.swift */; };
		4B87BCE521D515F600732679 /* ViewController.swift in Sources */ = {isa = PBXBuildFile; fileRef = 4B87BCE421D515F600732679 /* ViewController.swift */; };
		4B87BCE821D515F600732679 /* Main.storyboard in Resources */ = {isa = PBXBuildFile; fileRef = 4B87BCE621D515F600732679 /* Main.storyboard */; };
		4B87BCEA21D515F900732679 /* Assets.xcassets in Resources */ = {isa = PBXBuildFile; fileRef = 4B87BCE921D515F900732679 /* Assets.xcassets */; };
		4B87BCED21D515F900732679 /* LaunchScreen.storyboard in Resources */ = {isa = PBXBuildFile; fileRef = 4B87BCEB21D515F900732679 /* LaunchScreen.storyboard */; };
		4BC64F7621D53B9A00EE2DB7 /* AudioSpectrumPlayer.swift in Sources */ = {isa = PBXBuildFile; fileRef = 4BC64F7521D53B9A00EE2DB7 /* AudioSpectrumPlayer.swift */; };
		4BE6B36C222FA89D0063A925 /* 01.Halcyon - Runaway (Feat. Valentina Franco) (Heuse Remix).mp3 in Resources */ = {isa = PBXBuildFile; fileRef = 4BE6B369222FA89D0063A925 /* 01.Halcyon - Runaway (Feat. Valentina Franco) (Heuse Remix).mp3 */; };
		4BE6B36D222FA89D0063A925 /* 03.Spektrum & Sara Skinner - Keep You.mp3 in Resources */ = {isa = PBXBuildFile; fileRef = 4BE6B36A222FA89D0063A925 /* 03.Spektrum & Sara Skinner - Keep You.mp3 */; };
		4BE6B36E222FA89D0063A925 /* 02.Ellis - Clear My Head (Radio Edit) [NCS].mp3 in Resources */ = {isa = PBXBuildFile; fileRef = 4BE6B36B222FA89D0063A925 /* 02.Ellis - Clear My Head (Radio Edit) [NCS].mp3 */; };
/* End PBXBuildFile section */

/* Begin PBXFileReference section */
		4B11626C21F01C970012C977 /* RealtimeAnalyzer.swift */ = {isa = PBXFileReference; lastKnownFileType = sourcecode.swift; path = RealtimeAnalyzer.swift; sourceTree = "<group>"; };
		4B582AE1221E8E4D00AD0AE0 /* TrackCell.swift */ = {isa = PBXFileReference; fileEncoding = 4; lastKnownFileType = sourcecode.swift; path = TrackCell.swift; sourceTree = "<group>"; };
		4B79C0CF21F816D70005E365 /* SpectrumView.swift */ = {isa = PBXFileReference; lastKnownFileType = sourcecode.swift; path = SpectrumView.swift; sourceTree = "<group>"; };
		4B87BCDF21D515F600732679 /* AudioSpectrum02.app */ = {isa = PBXFileReference; explicitFileType = wrapper.application; includeInIndex = 0; path = AudioSpectrum02.app; sourceTree = BUILT_PRODUCTS_DIR; };
		4B87BCE221D515F600732679 /* AppDelegate.swift */ = {isa = PBXFileReference; lastKnownFileType = sourcecode.swift; path = AppDelegate.swift; sourceTree = "<group>"; };
		4B87BCE421D515F600732679 /* ViewController.swift */ = {isa = PBXFileReference; lastKnownFileType = sourcecode.swift; path = ViewController.swift; sourceTree = "<group>"; };
		4B87BCE721D515F600732679 /* Base */ = {isa = PBXFileReference; lastKnownFileType = file.storyboard; name = Base; path = Base.lproj/Main.storyboard; sourceTree = "<group>"; };
		4B87BCE921D515F900732679 /* Assets.xcassets */ = {isa = PBXFileReference; lastKnownFileType = folder.assetcatalog; path = Assets.xcassets; sourceTree = "<group>"; };
		4B87BCEC21D515F900732679 /* Base */ = {isa = PBXFileReference; lastKnownFileType = file.storyboard; name = Base; path = Base.lproj/LaunchScreen.storyboard; sourceTree = "<group>"; };
		4B87BCEE21D515F900732679 /* Info.plist */ = {isa = PBXFileReference; lastKnownFileType = text.plist.xml; path = Info.plist; sourceTree = "<group>"; };
		4BC64F7521D53B9A00EE2DB7 /* AudioSpectrumPlayer.swift */ = {isa = PBXFileReference; lastKnownFileType = sourcecode.swift; path = AudioSpectrumPlayer.swift; sourceTree = "<group>"; };
		4BE6B369222FA89D0063A925 /* 01.Halcyon - Runaway (Feat. Valentina Franco) (Heuse Remix).mp3 */ = {isa = PBXFileReference; lastKnownFileType = audio.mp3; path = "01.Halcyon - Runaway (Feat. Valentina Franco) (Heuse Remix).mp3"; sourceTree = "<group>"; };
		4BE6B36A222FA89D0063A925 /* 03.Spektrum & Sara Skinner - Keep You.mp3 */ = {isa = PBXFileReference; lastKnownFileType = audio.mp3; path = "03.Spektrum & Sara Skinner - Keep You.mp3"; sourceTree = "<group>"; };
		4BE6B36B222FA89D0063A925 /* 02.Ellis - Clear My Head (Radio Edit) [NCS].mp3 */ = {isa = PBXFileReference; lastKnownFileType = audio.mp3; path = "02.Ellis - Clear My Head (Radio Edit) [NCS].mp3"; sourceTree = "<group>"; };
/* End PBXFileReference section */

/* Begin PBXFrameworksBuildPhase section */
		4B87BCDC21D515F600732679 /* Frameworks */ = {
			isa = PBXFrameworksBuildPhase;
			buildActionMask = 2147483647;
			files = (
			);
			runOnlyForDeploymentPostprocessing = 0;
		};
/* End PBXFrameworksBuildPhase section */

/* Begin PBXGroup section */
		4B87BCD621D515F600732679 = {
			isa = PBXGroup;
			children = (
				4BE6B368222FA89D0063A925 /* Audio */,
				4B87BCE121D515F600732679 /* AudioSpectrum02 */,
				4B87BCE021D515F600732679 /* Products */,
			);
			sourceTree = "<group>";
		};
		4B87BCE021D515F600732679 /* Products */ = {
			isa = PBXGroup;
			children = (
				4B87BCDF21D515F600732679 /* AudioSpectrum02.app */,
			);
			name = Products;
			sourceTree = "<group>";
		};
		4B87BCE121D515F600732679 /* AudioSpectrum02 */ = {
			isa = PBXGroup;
			children = (
				4BC64F7721D53BC700EE2DB7 /* Supporting Files */,
				4B79C0CF21F816D70005E365 /* SpectrumView.swift */,
				4B87BCE421D515F600732679 /* ViewController.swift */,
				4BC64F7521D53B9A00EE2DB7 /* AudioSpectrumPlayer.swift */,
				4B11626C21F01C970012C977 /* RealtimeAnalyzer.swift */,
			);
			path = AudioSpectrum02;
			sourceTree = "<group>";
		};
		4BC64F7721D53BC700EE2DB7 /* Supporting Files */ = {
			isa = PBXGroup;
			children = (
				4B87BCE621D515F600732679 /* Main.storyboard */,
				4B87BCE221D515F600732679 /* AppDelegate.swift */,
				4B87BCE921D515F900732679 /* Assets.xcassets */,
				4B87BCEB21D515F900732679 /* LaunchScreen.storyboard */,
				4B87BCEE21D515F900732679 /* Info.plist */,
				4B582AE1221E8E4D00AD0AE0 /* TrackCell.swift */,
			);
			path = "Supporting Files";
			sourceTree = "<group>";
		};
		4BE6B368222FA89D0063A925 /* Audio */ = {
			isa = PBXGroup;
			children = (
				4BE6B369222FA89D0063A925 /* 01.Halcyon - Runaway (Feat. Valentina Franco) (Heuse Remix).mp3 */,
				4BE6B36A222FA89D0063A925 /* 03.Spektrum & Sara Skinner - Keep You.mp3 */,
				4BE6B36B222FA89D0063A925 /* 02.Ellis - Clear My Head (Radio Edit) [NCS].mp3 */,
			);
			name = Audio;
			path = ../Audio;
			sourceTree = "<group>";
		};
/* End PBXGroup section */

/* Begin PBXNativeTarget section */
		4B87BCDE21D515F600732679 /* AudioSpectrum02 */ = {
			isa = PBXNativeTarget;
			buildConfigurationList = 4B87BCF121D515F900732679 /* Build configuration list for PBXNativeTarget "AudioSpectrum02" */;
			buildPhases = (
				4B87BCDB21D515F600732679 /* Sources */,
				4B87BCDC21D515F600732679 /* Frameworks */,
				4B87BCDD21D515F600732679 /* Resources */,
			);
			buildRules = (
			);
			dependencies = (
			);
			name = AudioSpectrum02;
			productName = AudioSpectrum01;
			productReference = 4B87BCDF21D515F600732679 /* AudioSpectrum02.app */;
			productType = "com.apple.product-type.application";
		};
/* End PBXNativeTarget section */

/* Begin PBXProject section */
		4B87BCD721D515F600732679 /* Project object */ = {
			isa = PBXProject;
			attributes = {
				LastSwiftUpdateCheck = 1000;
				LastUpgradeCheck = 1000;
				ORGANIZATIONNAME = shiwangwang;
				TargetAttributes = {
					4B87BCDE21D515F600732679 = {
						CreatedOnToolsVersion = 10.0;
					};
				};
			};
			buildConfigurationList = 4B87BCDA21D515F600732679 /* Build configuration list for PBXProject "AudioSpectrum02" */;
			compatibilityVersion = "Xcode 9.3";
			developmentRegion = en;
			hasScannedForEncodings = 0;
			knownRegions = (
				en,
				Base,
			);
			mainGroup = 4B87BCD621D515F600732679;
			productRefGroup = 4B87BCE021D515F600732679 /* Products */;
			projectDirPath = "";
			projectRoot = "";
			targets = (
				4B87BCDE21D515F600732679 /* AudioSpectrum02 */,
			);
		};
/* End PBXProject section */

/* Begin PBXResourcesBuildPhase section */
		4B87BCDD21D515F600732679 /* Resources */ = {
			isa = PBXResourcesBuildPhase;
			buildActionMask = 2147483647;
			files = (
				4BE6B36D222FA89D0063A925 /* 03.Spektrum & Sara Skinner - Keep You.mp3 in Resources */,
				4BE6B36C222FA89D0063A925 /* 01.Halcyon - Runaway (Feat. Valentina Franco) (Heuse Remix).mp3 in Resources */,
				4B87BCED21D515F900732679 /* LaunchScreen.storyboard in Resources */,
				4B87BCEA21D515F900732679 /* Assets.xcassets in Resources */,
				4BE6B36E222FA89D0063A925 /* 02.Ellis - Clear My Head (Radio Edit) [NCS].mp3 in Resources */,
				4B87BCE821D515F600732679 /* Main.storyboard in Resources */,
			);
			runOnlyForDeploymentPostprocessing = 0;
		};
/* End PBXResourcesBuildPhase section */

/* Begin PBXSourcesBuildPhase section */
		4B87BCDB21D515F600732679 /* Sources */ = {
			isa = PBXSourcesBuildPhase;
			buildActionMask = 2147483647;
			files = (
				4B582AE2221E8E4D00AD0AE0 /* TrackCell.swift in Sources */,
				4B79C0D021F816D70005E365 /* SpectrumView.swift in Sources */,
				4B11626D21F01C970012C977 /* RealtimeAnalyzer.swift in Sources */,
				4B87BCE521D515F600732679 /* ViewController.swift in Sources */,
				4BC64F7621D53B9A00EE2DB7 /* AudioSpectrumPlayer.swift in Sources */,
				4B87BCE321D515F600732679 /* AppDelegate.swift in Sources */,
			);
			runOnlyForDeploymentPostprocessing = 0;
		};
/* End PBXSourcesBuildPhase section */

/* Begin PBXVariantGroup section */
		4B87BCE621D515F600732679 /* Main.storyboard */ = {
			isa = PBXVariantGroup;
			children = (
				4B87BCE721D515F600732679 /* Base */,
			);
			name = Main.storyboard;
			sourceTree = "<group>";
		};
		4B87BCEB21D515F900732679 /* LaunchScreen.storyboard */ = {
			isa = PBXVariantGroup;
			children = (
				4B87BCEC21D515F900732679 /* Base */,
			);
			name = LaunchScreen.storyboard;
			sourceTree = "<group>";
		};
/* End PBXVariantGroup section */

/* Begin XCBuildConfiguration section */
		4B87BCEF21D515F900732679 /* Debug */ = {
			isa = XCBuildConfiguration;
			buildSettings = {
				ALWAYS_SEARCH_USER_PATHS = NO;
				CLANG_ANALYZER_NONNULL = YES;
				CLANG_ANALYZER_NUMBER_OBJECT_CONVERSION = YES_AGGRESSIVE;
				CLANG_CXX_LANGUAGE_STANDARD = "gnu++14";
				CLANG_CXX_LIBRARY = "libc++";
				CLANG_ENABLE_MODULES = YES;
				CLANG_ENABLE_OBJC_ARC = YES;
				CLANG_ENABLE_OBJC_WEAK = YES;
				CLANG_WARN_BLOCK_CAPTURE_AUTORELEASING = YES;
				CLANG_WARN_BOOL_CONVERSION = YES;
				CLANG_WARN_COMMA = YES;
				CLANG_WARN_CONSTANT_CONVERSION = YES;
				CLANG_WARN_DEPRECATED_OBJC_IMPLEMENTATIONS = YES;
				CLANG_WARN_DIRECT_OBJC_ISA_USAGE = YES_ERROR;
				CLANG_WARN_DOCUMENTATION_COMMENTS = YES;
				CLANG_WARN_EMPTY_BODY = YES;
				CLANG_WARN_ENUM_CONVERSION = YES;
				CLANG_WARN_INFINITE_RECURSION = YES;
				CLANG_WARN_INT_CONVERSION = YES;
				CLANG_WARN_NON_LITERAL_NULL_CONVERSION = YES;
				CLANG_WARN_OBJC_IMPLICIT_RETAIN_SELF = YES;
				CLANG_WARN_OBJC_LITERAL_CONVERSION = YES;
				CLANG_WARN_OBJC_ROOT_CLASS = YES_ERROR;
				CLANG_WARN_RANGE_LOOP_ANALYSIS = YES;
				CLANG_WARN_STRICT_PROTOTYPES = YES;
				CLANG_WARN_SUSPICIOUS_MOVE = YES;
				CLANG_WARN_UNGUARDED_AVAILABILITY = YES_AGGRESSIVE;
				CLANG_WARN_UNREACHABLE_CODE = YES;
				CLANG_WARN__DUPLICATE_METHOD_MATCH = YES;
				CODE_SIGN_IDENTITY = "iPhone Developer";
				COPY_PHASE_STRIP = NO;
				DEBUG_INFORMATION_FORMAT = dwarf;
				ENABLE_STRICT_OBJC_MSGSEND = YES;
				ENABLE_TESTABILITY = YES;
				GCC_C_LANGUAGE_STANDARD = gnu11;
				GCC_DYNAMIC_NO_PIC = NO;
				GCC_NO_COMMON_BLOCKS = YES;
				GCC_OPTIMIZATION_LEVEL = 0;
				GCC_PREPROCESSOR_DEFINITIONS = (
					"DEBUG=1",
					"$(inherited)",
				);
				GCC_WARN_64_TO_32_BIT_CONVERSION = YES;
				GCC_WARN_ABOUT_RETURN_TYPE = YES_ERROR;
				GCC_WARN_UNDECLARED_SELECTOR = YES;
				GCC_WARN_UNINITIALIZED_AUTOS = YES_AGGRESSIVE;
				GCC_WARN_UNUSED_FUNCTION = YES;
				GCC_WARN_UNUSED_VARIABLE = YES;
				IPHONEOS_DEPLOYMENT_TARGET = 12.0;
				MTL_ENABLE_DEBUG_INFO = INCLUDE_SOURCE;
				MTL_FAST_MATH = YES;
				ONLY_ACTIVE_ARCH = YES;
				SDKROOT = iphoneos;
				SWIFT_ACTIVE_COMPILATION_CONDITIONS = DEBUG;
				SWIFT_OPTIMIZATION_LEVEL = "-Onone";
			};
			name = Debug;
		};
		4B87BCF021D515F900732679 /* Release */ = {
			isa = XCBuildConfiguration;
			buildSettings = {
				ALWAYS_SEARCH_USER_PATHS = NO;
				CLANG_ANALYZER_NONNULL = YES;
				CLANG_ANALYZER_NUMBER_OBJECT_CONVERSION = YES_AGGRESSIVE;
				CLANG_CXX_LANGUAGE_STANDARD = "gnu++14";
				CLANG_CXX_LIBRARY = "libc++";
				CLANG_ENABLE_MODULES = YES;
				CLANG_ENABLE_OBJC_ARC = YES;
				CLANG_ENABLE_OBJC_WEAK = YES;
				CLANG_WARN_BLOCK_CAPTURE_AUTORELEASING = YES;
				CLANG_WARN_BOOL_CONVERSION = YES;
				CLANG_WARN_COMMA = YES;
				CLANG_WARN_CONSTANT_CONVERSION = YES;
				CLANG_WARN_DEPRECATED_OBJC_IMPLEMENTATIONS = YES;
				CLANG_WARN_DIRECT_OBJC_ISA_USAGE = YES_ERROR;
				CLANG_WARN_DOCUMENTATION_COMMENTS = YES;
				CLANG_WARN_EMPTY_BODY = YES;
				CLANG_WARN_ENUM_CONVERSION = YES;
				CLANG_WARN_INFINITE_RECURSION = YES;
				CLANG_WARN_INT_CONVERSION = YES;
				CLANG_WARN_NON_LITERAL_NULL_CONVERSION = YES;
				CLANG_WARN_OBJC_IMPLICIT_RETAIN_SELF = YES;
				CLANG_WARN_OBJC_LITERAL_CONVERSION = YES;
				CLANG_WARN_OBJC_ROOT_CLASS = YES_ERROR;
				CLANG_WARN_RANGE_LOOP_ANALYSIS = YES;
				CLANG_WARN_STRICT_PROTOTYPES = YES;
				CLANG_WARN_SUSPICIOUS_MOVE = YES;
				CLANG_WARN_UNGUARDED_AVAILABILITY = YES_AGGRESSIVE;
				CLANG_WARN_UNREACHABLE_CODE = YES;
				CLANG_WARN__DUPLICATE_METHOD_MATCH = YES;
				CODE_SIGN_IDENTITY = "iPhone Developer";
				COPY_PHASE_STRIP = NO;
				DEBUG_INFORMATION_FORMAT = "dwarf-with-dsym";
				ENABLE_NS_ASSERTIONS = NO;
				ENABLE_STRICT_OBJC_MSGSEND = YES;
				GCC_C_LANGUAGE_STANDARD = gnu11;
				GCC_NO_COMMON_BLOCKS = YES;
				GCC_WARN_64_TO_32_BIT_CONVERSION = YES;
				GCC_WARN_ABOUT_RETURN_TYPE = YES_ERROR;
				GCC_WARN_UNDECLARED_SELECTOR = YES;
				GCC_WARN_UNINITIALIZED_AUTOS = YES_AGGRESSIVE;
				GCC_WARN_UNUSED_FUNCTION = YES;
				GCC_WARN_UNUSED_VARIABLE = YES;
				IPHONEOS_DEPLOYMENT_TARGET = 12.0;
				MTL_ENABLE_DEBUG_INFO = NO;
				MTL_FAST_MATH = YES;
				SDKROOT = iphoneos;
				SWIFT_COMPILATION_MODE = wholemodule;
				SWIFT_OPTIMIZATION_LEVEL = "-O";
				VALIDATE_PRODUCT = YES;
			};
			name = Release;
		};
		4B87BCF221D515F900732679 /* Debug */ = {
			isa = XCBuildConfiguration;
			buildSettings = {
				ASSETCATALOG_COMPILER_APPICON_NAME = AppIcon;
				CODE_SIGN_STYLE = Automatic;
				DEVELOPMENT_TEAM = "";
				INFOPLIST_FILE = "$(SRCROOT)/AudioSpectrum02/Supporting Files/Info.plist";
				LD_RUNPATH_SEARCH_PATHS = (
					"$(inherited)",
					"@executable_path/Frameworks",
				);
				PRODUCT_BUNDLE_IDENTIFIER = potato04.AudioSpectrum02;
				PRODUCT_NAME = "$(TARGET_NAME)";
				SWIFT_VERSION = 4.2;
				TARGETED_DEVICE_FAMILY = "1,2";
			};
			name = Debug;
		};
		4B87BCF321D515F900732679 /* Release */ = {
			isa = XCBuildConfiguration;
			buildSettings = {
				ASSETCATALOG_COMPILER_APPICON_NAME = AppIcon;
				CODE_SIGN_STYLE = Automatic;
				DEVELOPMENT_TEAM = "";
				INFOPLIST_FILE = "$(SRCROOT)/AudioSpectrum02/Supporting Files/Info.plist";
				LD_RUNPATH_SEARCH_PATHS = (
					"$(inherited)",
					"@executable_path/Frameworks",
				);
				PRODUCT_BUNDLE_IDENTIFIER = potato04.AudioSpectrum02;
				PRODUCT_NAME = "$(TARGET_NAME)";
				SWIFT_VERSION = 4.2;
				TARGETED_DEVICE_FAMILY = "1,2";
			};
			name = Release;
		};
/* End XCBuildConfiguration section */

/* Begin XCConfigurationList section */
		4B87BCDA21D515F600732679 /* Build configuration list for PBXProject "AudioSpectrum02" */ = {
			isa = XCConfigurationList;
			buildConfigurations = (
				4B87BCEF21D515F900732679 /* Debug */,
				4B87BCF021D515F900732679 /* Release */,
			);
			defaultConfigurationIsVisible = 0;
			defaultConfigurationName = Release;
		};
		4B87BCF121D515F900732679 /* Build configuration list for PBXNativeTarget "AudioSpectrum02" */ = {
			isa = XCConfigurationList;
			buildConfigurations = (
				4B87BCF221D515F900732679 /* Debug */,
				4B87BCF321D515F900732679 /* Release */,
			);
			defaultConfigurationIsVisible = 0;
			defaultConfigurationName = Release;
		};
/* End XCConfigurationList section */
	};
	rootObject = 4B87BCD721D515F600732679 /* Project object */;
}
